
Microsoft Visual Studio Solution File, Format Version 12.00
# Visual Studio 2013
Project("{FAE04EC0-301F-11D3-BF4B-00C04F79EFBC}") = "UnityVS.NotificationCenter.CSharp", "UnityVS.NotificationCenter.CSharp.csproj", "{8426E4F0-D0AE-43F9-B131-7C10EBB5D864}"
EndProject
Global
	GlobalSection(SolutionConfigurationPlatforms) = preSolution
		Debug|Any CPU = Debug|Any CPU
		Release|Any CPU = Release|Any CPU
	EndGlobalSection
	GlobalSection(ProjectConfigurationPlatforms) = postSolution
		{8426E4F0-D0AE-43F9-B131-7C10EBB5D864}.Debug|Any CPU.ActiveCfg = Debug|Any CPU
		{8426E4F0-D0AE-43F9-B131-7C10EBB5D864}.Debug|Any CPU.Build.0 = Debug|Any CPU
		{8426E4F0-D0AE-43F9-B131-7C10EBB5D864}.Release|Any CPU.ActiveCfg = Release|Any CPU
		{8426E4F0-D0AE-43F9-B131-7C10EBB5D864}.Release|Any CPU.Build.0 = Release|Any CPU
	EndGlobalSection
	GlobalSection(SolutionProperties) = preSolution
		HideSolutionNode = FALSE
	EndGlobalSection
EndGlobal
